// !$*UTF8*$!
{
	archiveVersion = 1;
	classes = {
	};
	objectVersion = 56;
	objects = {

/* Begin PBXBuildFile section */
		22F080BC29D21976004A80EB /* Ecommerce_TechProductsApp.swift in Sources */ = {isa = PBXBuildFile; fileRef = 22F080BB29D21976004A80EB /* Ecommerce_TechProductsApp.swift */; };
		22F080BE29D21976004A80EB /* ContentView.swift in Sources */ = {isa = PBXBuildFile; fileRef = 22F080BD29D21976004A80EB /* ContentView.swift */; };
		22F080C029D21977004A80EB /* Assets.xcassets in Resources */ = {isa = PBXBuildFile; fileRef = 22F080BF29D21977004A80EB /* Assets.xcassets */; };
		22F080C329D21977004A80EB /* Preview Assets.xcassets in Resources */ = {isa = PBXBuildFile; fileRef = 22F080C229D21977004A80EB /* Preview Assets.xcassets */; };
		22F080CD29D21978004A80EB /* Ecommerce_TechProductsTests.swift in Sources */ = {isa = PBXBuildFile; fileRef = 22F080CC29D21978004A80EB /* Ecommerce_TechProductsTests.swift */; };
		22F080D729D21978004A80EB /* Ecommerce_TechProductsUITests.swift in Sources */ = {isa = PBXBuildFile; fileRef = 22F080D629D21978004A80EB /* Ecommerce_TechProductsUITests.swift */; };
		22F080D929D21978004A80EB /* Ecommerce_TechProductsUITestsLaunchTests.swift in Sources */ = {isa = PBXBuildFile; fileRef = 22F080D829D21978004A80EB /* Ecommerce_TechProductsUITestsLaunchTests.swift */; };
		22F080E629D24913004A80EB /* FilterView.swift in Sources */ = {isa = PBXBuildFile; fileRef = 22F080E529D24913004A80EB /* FilterView.swift */; };
		22F080EA29D24AAF004A80EB /* FilterItemModifier.swift in Sources */ = {isa = PBXBuildFile; fileRef = 22F080E929D24AAF004A80EB /* FilterItemModifier.swift */; };
		22F080EC29D24B04004A80EB /* View+extension.swift in Sources */ = {isa = PBXBuildFile; fileRef = 22F080EB29D24B04004A80EB /* View+extension.swift */; };
		22F080EE29D4F2F8004A80EB /* CustomSearchableView.swift in Sources */ = {isa = PBXBuildFile; fileRef = 22F080ED29D4F2F8004A80EB /* CustomSearchableView.swift */; };
/* End PBXBuildFile section */

/* Begin PBXContainerItemProxy section */
		22F080C929D21978004A80EB /* PBXContainerItemProxy */ = {
			isa = PBXContainerItemProxy;
			containerPortal = 22F080B029D21976004A80EB /* Project object */;
			proxyType = 1;
			remoteGlobalIDString = 22F080B729D21976004A80EB;
			remoteInfo = "Ecommerce TechProducts";
		};
		22F080D329D21978004A80EB /* PBXContainerItemProxy */ = {
			isa = PBXContainerItemProxy;
			containerPortal = 22F080B029D21976004A80EB /* Project object */;
			proxyType = 1;
			remoteGlobalIDString = 22F080B729D21976004A80EB;
			remoteInfo = "Ecommerce TechProducts";
		};
/* End PBXContainerItemProxy section */

/* Begin PBXFileReference section */
		22F080B829D21976004A80EB /* Ecommerce TechProducts.app */ = {isa = PBXFileReference; explicitFileType = wrapper.application; includeInIndex = 0; path = "Ecommerce TechProducts.app"; sourceTree = BUILT_PRODUCTS_DIR; };
		22F080BB29D21976004A80EB /* Ecommerce_TechProductsApp.swift */ = {isa = PBXFileReference; lastKnownFileType = sourcecode.swift; path = Ecommerce_TechProductsApp.swift; sourceTree = "<group>"; };
		22F080BD29D21976004A80EB /* ContentView.swift */ = {isa = PBXFileReference; lastKnownFileType = sourcecode.swift; path = ContentView.swift; sourceTree = "<group>"; };
		22F080BF29D21977004A80EB /* Assets.xcassets */ = {isa = PBXFileReference; lastKnownFileType = folder.assetcatalog; path = Assets.xcassets; sourceTree = "<group>"; };
		22F080C229D21977004A80EB /* Preview Assets.xcassets */ = {isa = PBXFileReference; lastKnownFileType = folder.assetcatalog; path = "Preview Assets.xcassets"; sourceTree = "<group>"; };
		22F080C829D21978004A80EB /* Ecommerce TechProductsTests.xctest */ = {isa = PBXFileReference; explicitFileType = wrapper.cfbundle; includeInIndex = 0; path = "Ecommerce TechProductsTests.xctest"; sourceTree = BUILT_PRODUCTS_DIR; };
		22F080CC29D21978004A80EB /* Ecommerce_TechProductsTests.swift */ = {isa = PBXFileReference; lastKnownFileType = sourcecode.swift; path = Ecommerce_TechProductsTests.swift; sourceTree = "<group>"; };
		22F080D229D21978004A80EB /* Ecommerce TechProductsUITests.xctest */ = {isa = PBXFileReference; explicitFileType = wrapper.cfbundle; includeInIndex = 0; path = "Ecommerce TechProductsUITests.xctest"; sourceTree = BUILT_PRODUCTS_DIR; };
		22F080D629D21978004A80EB /* Ecommerce_TechProductsUITests.swift */ = {isa = PBXFileReference; lastKnownFileType = sourcecode.swift; path = Ecommerce_TechProductsUITests.swift; sourceTree = "<group>"; };
		22F080D829D21978004A80EB /* Ecommerce_TechProductsUITestsLaunchTests.swift */ = {isa = PBXFileReference; lastKnownFileType = sourcecode.swift; path = Ecommerce_TechProductsUITestsLaunchTests.swift; sourceTree = "<group>"; };
		22F080E529D24913004A80EB /* FilterView.swift */ = {isa = PBXFileReference; lastKnownFileType = sourcecode.swift; path = FilterView.swift; sourceTree = "<group>"; };
		22F080E929D24AAF004A80EB /* FilterItemModifier.swift */ = {isa = PBXFileReference; lastKnownFileType = sourcecode.swift; path = FilterItemModifier.swift; sourceTree = "<group>"; };
		22F080EB29D24B04004A80EB /* View+extension.swift */ = {isa = PBXFileReference; lastKnownFileType = sourcecode.swift; path = "View+extension.swift"; sourceTree = "<group>"; };
		22F080ED29D4F2F8004A80EB /* CustomSearchableView.swift */ = {isa = PBXFileReference; lastKnownFileType = sourcecode.swift; path = CustomSearchableView.swift; sourceTree = "<group>"; };
/* End PBXFileReference section */

/* Begin PBXFrameworksBuildPhase section */
		22F080B529D21976004A80EB /* Frameworks */ = {
			isa = PBXFrameworksBuildPhase;
			buildActionMask = 2147483647;
			files = (
			);
			runOnlyForDeploymentPostprocessing = 0;
		};
		22F080C529D21978004A80EB /* Frameworks */ = {
			isa = PBXFrameworksBuildPhase;
			buildActionMask = 2147483647;
			files = (
			);
			runOnlyForDeploymentPostprocessing = 0;
		};
		22F080CF29D21978004A80EB /* Frameworks */ = {
			isa = PBXFrameworksBuildPhase;
			buildActionMask = 2147483647;
			files = (
			);
			runOnlyForDeploymentPostprocessing = 0;
		};
/* End PBXFrameworksBuildPhase section */

/* Begin PBXGroup section */
		22F080AF29D21976004A80EB = {
			isa = PBXGroup;
			children = (
				22F080BA29D21976004A80EB /* Ecommerce TechProducts */,
				22F080CB29D21978004A80EB /* Ecommerce TechProductsTests */,
				22F080D529D21978004A80EB /* Ecommerce TechProductsUITests */,
				22F080B929D21976004A80EB /* Products */,
			);
			sourceTree = "<group>";
		};
		22F080B929D21976004A80EB /* Products */ = {
			isa = PBXGroup;
			children = (
				22F080B829D21976004A80EB /* Ecommerce TechProducts.app */,
				22F080C829D21978004A80EB /* Ecommerce TechProductsTests.xctest */,
				22F080D229D21978004A80EB /* Ecommerce TechProductsUITests.xctest */,
			);
			name = Products;
			sourceTree = "<group>";
		};
		22F080BA29D21976004A80EB /* Ecommerce TechProducts */ = {
			isa = PBXGroup;
			children = (
				22F080E729D249FB004A80EB /* ViewModifiers */,
				22F080BB29D21976004A80EB /* Ecommerce_TechProductsApp.swift */,
				22F080BD29D21976004A80EB /* ContentView.swift */,
				22F080E529D24913004A80EB /* FilterView.swift */,
				22F080BF29D21977004A80EB /* Assets.xcassets */,
				22F080C129D21977004A80EB /* Preview Content */,
				22F080ED29D4F2F8004A80EB /* CustomSearchableView.swift */,
			);
			path = "Ecommerce TechProducts";
			sourceTree = "<group>";
		};
		22F080C129D21977004A80EB /* Preview Content */ = {
			isa = PBXGroup;
			children = (
				22F080C229D21977004A80EB /* Preview Assets.xcassets */,
			);
			path = "Preview Content";
			sourceTree = "<group>";
		};
		22F080CB29D21978004A80EB /* Ecommerce TechProductsTests */ = {
			isa = PBXGroup;
			children = (
				22F080CC29D21978004A80EB /* Ecommerce_TechProductsTests.swift */,
			);
			path = "Ecommerce TechProductsTests";
			sourceTree = "<group>";
		};
		22F080D529D21978004A80EB /* Ecommerce TechProductsUITests */ = {
			isa = PBXGroup;
			children = (
				22F080D629D21978004A80EB /* Ecommerce_TechProductsUITests.swift */,
				22F080D829D21978004A80EB /* Ecommerce_TechProductsUITestsLaunchTests.swift */,
			);
			path = "Ecommerce TechProductsUITests";
			sourceTree = "<group>";
		};
		22F080E729D249FB004A80EB /* ViewModifiers */ = {
			isa = PBXGroup;
			children = (
				22F080E929D24AAF004A80EB /* FilterItemModifier.swift */,
				22F080EB29D24B04004A80EB /* View+extension.swift */,
			);
			path = ViewModifiers;
			sourceTree = "<group>";
		};
/* End PBXGroup section */

/* Begin PBXNativeTarget section */
		22F080B729D21976004A80EB /* Ecommerce TechProducts */ = {
			isa = PBXNativeTarget;
			buildConfigurationList = 22F080DC29D21978004A80EB /* Build configuration list for PBXNativeTarget "Ecommerce TechProducts" */;
			buildPhases = (
				22F080B429D21976004A80EB /* Sources */,
				22F080B529D21976004A80EB /* Frameworks */,
				22F080B629D21976004A80EB /* Resources */,
			);
			buildRules = (
			);
			dependencies = (
			);
			name = "Ecommerce TechProducts";
			productName = "Ecommerce TechProducts";
			productReference = 22F080B829D21976004A80EB /* Ecommerce TechProducts.app */;
			productType = "com.apple.product-type.application";
		};
		22F080C729D21978004A80EB /* Ecommerce TechProductsTests */ = {
			isa = PBXNativeTarget;
			buildConfigurationList = 22F080DF29D21978004A80EB /* Build configuration list for PBXNativeTarget "Ecommerce TechProductsTests" */;
			buildPhases = (
				22F080C429D21978004A80EB /* Sources */,
				22F080C529D21978004A80EB /* Frameworks */,
				22F080C629D21978004A80EB /* Resources */,
			);
			buildRules = (
			);
			dependencies = (
				22F080CA29D21978004A80EB /* PBXTargetDependency */,
			);
			name = "Ecommerce TechProductsTests";
			productName = "Ecommerce TechProductsTests";
			productReference = 22F080C829D21978004A80EB /* Ecommerce TechProductsTests.xctest */;
			productType = "com.apple.product-type.bundle.unit-test";
		};
		22F080D129D21978004A80EB /* Ecommerce TechProductsUITests */ = {
			isa = PBXNativeTarget;
			buildConfigurationList = 22F080E229D21978004A80EB /* Build configuration list for PBXNativeTarget "Ecommerce TechProductsUITests" */;
			buildPhases = (
				22F080CE29D21978004A80EB /* Sources */,
				22F080CF29D21978004A80EB /* Frameworks */,
				22F080D029D21978004A80EB /* Resources */,
			);
			buildRules = (
			);
			dependencies = (
				22F080D429D21978004A80EB /* PBXTargetDependency */,
			);
			name = "Ecommerce TechProductsUITests";
			productName = "Ecommerce TechProductsUITests";
			productReference = 22F080D229D21978004A80EB /* Ecommerce TechProductsUITests.xctest */;
			productType = "com.apple.product-type.bundle.ui-testing";
		};
/* End PBXNativeTarget section */

/* Begin PBXProject section */
		22F080B029D21976004A80EB /* Project object */ = {
			isa = PBXProject;
			attributes = {
				BuildIndependentTargetsInParallel = 1;
				LastSwiftUpdateCheck = 1420;
				LastUpgradeCheck = 1420;
				TargetAttributes = {
					22F080B729D21976004A80EB = {
						CreatedOnToolsVersion = 14.2;
					};
					22F080C729D21978004A80EB = {
						CreatedOnToolsVersion = 14.2;
						TestTargetID = 22F080B729D21976004A80EB;
					};
					22F080D129D21978004A80EB = {
						CreatedOnToolsVersion = 14.2;
						TestTargetID = 22F080B729D21976004A80EB;
					};
				};
			};
			buildConfigurationList = 22F080B329D21976004A80EB /* Build configuration list for PBXProject "Ecommerce TechProducts" */;
			compatibilityVersion = "Xcode 14.0";
			developmentRegion = en;
			hasScannedForEncodings = 0;
			knownRegions = (
				en,
				Base,
			);
			mainGroup = 22F080AF29D21976004A80EB;
			productRefGroup = 22F080B929D21976004A80EB /* Products */;
			projectDirPath = "";
			projectRoot = "";
			targets = (
				22F080B729D21976004A80EB /* Ecommerce TechProducts */,
				22F080C729D21978004A80EB /* Ecommerce TechProductsTests */,
				22F080D129D21978004A80EB /* Ecommerce TechProductsUITests */,
			);
		};
/* End PBXProject section */

/* Begin PBXResourcesBuildPhase section */
		22F080B629D21976004A80EB /* Resources */ = {
			isa = PBXResourcesBuildPhase;
			buildActionMask = 2147483647;
			files = (
				22F080C329D21977004A80EB /* Preview Assets.xcassets in Resources */,
				22F080C029D21977004A80EB /* Assets.xcassets in Resources */,
			);
			runOnlyForDeploymentPostprocessing = 0;
		};
		22F080C629D21978004A80EB /* Resources */ = {
			isa = PBXResourcesBuildPhase;
			buildActionMask = 2147483647;
			files = (
			);
			runOnlyForDeploymentPostprocessing = 0;
		};
		22F080D029D21978004A80EB /* Resources */ = {
			isa = PBXResourcesBuildPhase;
			buildActionMask = 2147483647;
			files = (
			);
			runOnlyForDeploymentPostprocessing = 0;
		};
/* End PBXResourcesBuildPhase section */

/* Begin PBXSourcesBuildPhase section */
		22F080B429D21976004A80EB /* Sources */ = {
			isa = PBXSourcesBuildPhase;
			buildActionMask = 2147483647;
			files = (
				22F080EC29D24B04004A80EB /* View+extension.swift in Sources */,
				22F080EE29D4F2F8004A80EB /* CustomSearchableView.swift in Sources */,
				22F080BE29D21976004A80EB /* ContentView.swift in Sources */,
				22F080E629D24913004A80EB /* FilterView.swift in Sources */,
				22F080BC29D21976004A80EB /* Ecommerce_TechProductsApp.swift in Sources */,
				22F080EA29D24AAF004A80EB /* FilterItemModifier.swift in Sources */,
			);
			runOnlyForDeploymentPostprocessing = 0;
		};
		22F080C429D21978004A80EB /* Sources */ = {
			isa = PBXSourcesBuildPhase;
			buildActionMask = 2147483647;
			files = (
				22F080CD29D21978004A80EB /* Ecommerce_TechProductsTests.swift in Sources */,
			);
			runOnlyForDeploymentPostprocessing = 0;
		};
		22F080CE29D21978004A80EB /* Sources */ = {
			isa = PBXSourcesBuildPhase;
			buildActionMask = 2147483647;
			files = (
				22F080D729D21978004A80EB /* Ecommerce_TechProductsUITests.swift in Sources */,
				22F080D929D21978004A80EB /* Ecommerce_TechProductsUITestsLaunchTests.swift in Sources */,
			);
			runOnlyForDeploymentPostprocessing = 0;
		};
/* End PBXSourcesBuildPhase section */

/* Begin PBXTargetDependency section */
		22F080CA29D21978004A80EB /* PBXTargetDependency */ = {
			isa = PBXTargetDependency;
			target = 22F080B729D21976004A80EB /* Ecommerce TechProducts */;
			targetProxy = 22F080C929D21978004A80EB /* PBXContainerItemProxy */;
		};
		22F080D429D21978004A80EB /* PBXTargetDependency */ = {
			isa = PBXTargetDependency;
			target = 22F080B729D21976004A80EB /* Ecommerce TechProducts */;
			targetProxy = 22F080D329D21978004A80EB /* PBXContainerItemProxy */;
		};
/* End PBXTargetDependency section */

/* Begin XCBuildConfiguration section */
		22F080DA29D21978004A80EB /* Debug */ = {
			isa = XCBuildConfiguration;
			buildSettings = {
				ALWAYS_SEARCH_USER_PATHS = NO;
				CLANG_ANALYZER_NONNULL = YES;
				CLANG_ANALYZER_NUMBER_OBJECT_CONVERSION = YES_AGGRESSIVE;
				CLANG_CXX_LANGUAGE_STANDARD = "gnu++20";
				CLANG_ENABLE_MODULES = YES;
				CLANG_ENABLE_OBJC_ARC = YES;
				CLANG_ENABLE_OBJC_WEAK = YES;
				CLANG_WARN_BLOCK_CAPTURE_AUTORELEASING = YES;
				CLANG_WARN_BOOL_CONVERSION = YES;
				CLANG_WARN_COMMA = YES;
				CLANG_WARN_CONSTANT_CONVERSION = YES;
				CLANG_WARN_DEPRECATED_OBJC_IMPLEMENTATIONS = YES;
				CLANG_WARN_DIRECT_OBJC_ISA_USAGE = YES_ERROR;
				CLANG_WARN_DOCUMENTATION_COMMENTS = YES;
				CLANG_WARN_EMPTY_BODY = YES;
				CLANG_WARN_ENUM_CONVERSION = YES;
				CLANG_WARN_INFINITE_RECURSION = YES;
				CLANG_WARN_INT_CONVERSION = YES;
				CLANG_WARN_NON_LITERAL_NULL_CONVERSION = YES;
				CLANG_WARN_OBJC_IMPLICIT_RETAIN_SELF = YES;
				CLANG_WARN_OBJC_LITERAL_CONVERSION = YES;
				CLANG_WARN_OBJC_ROOT_CLASS = YES_ERROR;
				CLANG_WARN_QUOTED_INCLUDE_IN_FRAMEWORK_HEADER = YES;
				CLANG_WARN_RANGE_LOOP_ANALYSIS = YES;
				CLANG_WARN_STRICT_PROTOTYPES = YES;
				CLANG_WARN_SUSPICIOUS_MOVE = YES;
				CLANG_WARN_UNGUARDED_AVAILABILITY = YES_AGGRESSIVE;
				CLANG_WARN_UNREACHABLE_CODE = YES;
				CLANG_WARN__DUPLICATE_METHOD_MATCH = YES;
				COPY_PHASE_STRIP = NO;
				DEBUG_INFORMATION_FORMAT = dwarf;
				ENABLE_STRICT_OBJC_MSGSEND = YES;
				ENABLE_TESTABILITY = YES;
				GCC_C_LANGUAGE_STANDARD = gnu11;
				GCC_DYNAMIC_NO_PIC = NO;
				GCC_NO_COMMON_BLOCKS = YES;
				GCC_OPTIMIZATION_LEVEL = 0;
				GCC_PREPROCESSOR_DEFINITIONS = (
					"DEBUG=1",
					"$(inherited)",
				);
				GCC_WARN_64_TO_32_BIT_CONVERSION = YES;
				GCC_WARN_ABOUT_RETURN_TYPE = YES_ERROR;
				GCC_WARN_UNDECLARED_SELECTOR = YES;
				GCC_WARN_UNINITIALIZED_AUTOS = YES_AGGRESSIVE;
				GCC_WARN_UNUSED_FUNCTION = YES;
				GCC_WARN_UNUSED_VARIABLE = YES;
				IPHONEOS_DEPLOYMENT_TARGET = 16.2;
				MTL_ENABLE_DEBUG_INFO = INCLUDE_SOURCE;
				MTL_FAST_MATH = YES;
				ONLY_ACTIVE_ARCH = YES;
				SDKROOT = iphoneos;
				SWIFT_ACTIVE_COMPILATION_CONDITIONS = DEBUG;
				SWIFT_OPTIMIZATION_LEVEL = "-Onone";
			};
			name = Debug;
		};
		22F080DB29D21978004A80EB /* Release */ = {
			isa = XCBuildConfiguration;
			buildSettings = {
				ALWAYS_SEARCH_USER_PATHS = NO;
				CLANG_ANALYZER_NONNULL = YES;
				CLANG_ANALYZER_NUMBER_OBJECT_CONVERSION = YES_AGGRESSIVE;
				CLANG_CXX_LANGUAGE_STANDARD = "gnu++20";
				CLANG_ENABLE_MODULES = YES;
				CLANG_ENABLE_OBJC_ARC = YES;
				CLANG_ENABLE_OBJC_WEAK = YES;
				CLANG_WARN_BLOCK_CAPTURE_AUTORELEASING = YES;
				CLANG_WARN_BOOL_CONVERSION = YES;
				CLANG_WARN_COMMA = YES;
				CLANG_WARN_CONSTANT_CONVERSION = YES;
				CLANG_WARN_DEPRECATED_OBJC_IMPLEMENTATIONS = YES;
				CLANG_WARN_DIRECT_OBJC_ISA_USAGE = YES_ERROR;
				CLANG_WARN_DOCUMENTATION_COMMENTS = YES;
				CLANG_WARN_EMPTY_BODY = YES;
				CLANG_WARN_ENUM_CONVERSION = YES;
				CLANG_WARN_INFINITE_RECURSION = YES;
				CLANG_WARN_INT_CONVERSION = YES;
				CLANG_WARN_NON_LITERAL_NULL_CONVERSION = YES;
				CLANG_WARN_OBJC_IMPLICIT_RETAIN_SELF = YES;
				CLANG_WARN_OBJC_LITERAL_CONVERSION = YES;
				CLANG_WARN_OBJC_ROOT_CLASS = YES_ERROR;
				CLANG_WARN_QUOTED_INCLUDE_IN_FRAMEWORK_HEADER = YES;
				CLANG_WARN_RANGE_LOOP_ANALYSIS = YES;
				CLANG_WARN_STRICT_PROTOTYPES = YES;
				CLANG_WARN_SUSPICIOUS_MOVE = YES;
				CLANG_WARN_UNGUARDED_AVAILABILITY = YES_AGGRESSIVE;
				CLANG_WARN_UNREACHABLE_CODE = YES;
				CLANG_WARN__DUPLICATE_METHOD_MATCH = YES;
				COPY_PHASE_STRIP = NO;
				DEBUG_INFORMATION_FORMAT = "dwarf-with-dsym";
				ENABLE_NS_ASSERTIONS = NO;
				ENABLE_STRICT_OBJC_MSGSEND = YES;
				GCC_C_LANGUAGE_STANDARD = gnu11;
				GCC_NO_COMMON_BLOCKS = YES;
				GCC_WARN_64_TO_32_BIT_CONVERSION = YES;
				GCC_WARN_ABOUT_RETURN_TYPE = YES_ERROR;
				GCC_WARN_UNDECLARED_SELECTOR = YES;
				GCC_WARN_UNINITIALIZED_AUTOS = YES_AGGRESSIVE;
				GCC_WARN_UNUSED_FUNCTION = YES;
				GCC_WARN_UNUSED_VARIABLE = YES;
				IPHONEOS_DEPLOYMENT_TARGET = 16.2;
				MTL_ENABLE_DEBUG_INFO = NO;
				MTL_FAST_MATH = YES;
				SDKROOT = iphoneos;
				SWIFT_COMPILATION_MODE = wholemodule;
				SWIFT_OPTIMIZATION_LEVEL = "-O";
				VALIDATE_PRODUCT = YES;
			};
			name = Release;
		};
		22F080DD29D21978004A80EB /* Debug */ = {
			isa = XCBuildConfiguration;
			buildSettings = {
				ASSETCATALOG_COMPILER_APPICON_NAME = AppIcon;
				ASSETCATALOG_COMPILER_GLOBAL_ACCENT_COLOR_NAME = AccentColor;
				CODE_SIGN_STYLE = Automatic;
				CURRENT_PROJECT_VERSION = 1;
				DEVELOPMENT_ASSET_PATHS = "\"Ecommerce TechProducts/Preview Content\"";
				ENABLE_PREVIEWS = YES;
				GENERATE_INFOPLIST_FILE = YES;
				INFOPLIST_KEY_UIApplicationSceneManifest_Generation = YES;
				INFOPLIST_KEY_UIApplicationSupportsIndirectInputEvents = YES;
				INFOPLIST_KEY_UILaunchScreen_Generation = YES;
				INFOPLIST_KEY_UISupportedInterfaceOrientations_iPad = "UIInterfaceOrientationPortrait UIInterfaceOrientationPortraitUpsideDown UIInterfaceOrientationLandscapeLeft UIInterfaceOrientationLandscapeRight";
				INFOPLIST_KEY_UISupportedInterfaceOrientations_iPhone = "UIInterfaceOrientationPortrait UIInterfaceOrientationLandscapeLeft UIInterfaceOrientationLandscapeRight";
				LD_RUNPATH_SEARCH_PATHS = (
					"$(inherited)",
					"@executable_path/Frameworks",
				);
				MARKETING_VERSION = 1.0;
				PRODUCT_BUNDLE_IDENTIFIER = "DiegoM1.Ecommerce-TechProducts";
				PRODUCT_NAME = "$(TARGET_NAME)";
				SWIFT_EMIT_LOC_STRINGS = YES;
				SWIFT_VERSION = 5.0;
				TARGETED_DEVICE_FAMILY = "1,2";
			};
			name = Debug;
		};
		22F080DE29D21978004A80EB /* Release */ = {
			isa = XCBuildConfiguration;
			buildSettings = {
				ASSETCATALOG_COMPILER_APPICON_NAME = AppIcon;
				ASSETCATALOG_COMPILER_GLOBAL_ACCENT_COLOR_NAME = AccentColor;
				CODE_SIGN_STYLE = Automatic;
				CURRENT_PROJECT_VERSION = 1;
				DEVELOPMENT_ASSET_PATHS = "\"Ecommerce TechProducts/Preview Content\"";
				ENABLE_PREVIEWS = YES;
				GENERATE_INFOPLIST_FILE = YES;
				INFOPLIST_KEY_UIApplicationSceneManifest_Generation = YES;
				INFOPLIST_KEY_UIApplicationSupportsIndirectInputEvents = YES;
				INFOPLIST_KEY_UILaunchScreen_Generation = YES;
				INFOPLIST_KEY_UISupportedInterfaceOrientations_iPad = "UIInterfaceOrientationPortrait UIInterfaceOrientationPortraitUpsideDown UIInterfaceOrientationLandscapeLeft UIInterfaceOrientationLandscapeRight";
				INFOPLIST_KEY_UISupportedInterfaceOrientations_iPhone = "UIInterfaceOrientationPortrait UIInterfaceOrientationLandscapeLeft UIInterfaceOrientationLandscapeRight";
				LD_RUNPATH_SEARCH_PATHS = (
					"$(inherited)",
					"@executable_path/Frameworks",
				);
				MARKETING_VERSION = 1.0;
				PRODUCT_BUNDLE_IDENTIFIER = "DiegoM1.Ecommerce-TechProducts";
				PRODUCT_NAME = "$(TARGET_NAME)";
				SWIFT_EMIT_LOC_STRINGS = YES;
				SWIFT_VERSION = 5.0;
				TARGETED_DEVICE_FAMILY = "1,2";
			};
			name = Release;
		};
		22F080E029D21978004A80EB /* Debug */ = {
			isa = XCBuildConfiguration;
			buildSettings = {
				ALWAYS_EMBED_SWIFT_STANDARD_LIBRARIES = YES;
				BUNDLE_LOADER = "$(TEST_HOST)";
				CODE_SIGN_STYLE = Automatic;
				CURRENT_PROJECT_VERSION = 1;
				GENERATE_INFOPLIST_FILE = YES;
				IPHONEOS_DEPLOYMENT_TARGET = 16.2;
				MARKETING_VERSION = 1.0;
				PRODUCT_BUNDLE_IDENTIFIER = "DiegoM1.Ecommerce-TechProductsTests";
				PRODUCT_NAME = "$(TARGET_NAME)";
				SWIFT_EMIT_LOC_STRINGS = NO;
				SWIFT_VERSION = 5.0;
				TARGETED_DEVICE_FAMILY = "1,2";
				TEST_HOST = "$(BUILT_PRODUCTS_DIR)/Ecommerce TechProducts.app/$(BUNDLE_EXECUTABLE_FOLDER_PATH)/Ecommerce TechProducts";
			};
			name = Debug;
		};
		22F080E129D21978004A80EB /* Release */ = {
			isa = XCBuildConfiguration;
			buildSettings = {
				ALWAYS_EMBED_SWIFT_STANDARD_LIBRARIES = YES;
				BUNDLE_LOADER = "$(TEST_HOST)";
				CODE_SIGN_STYLE = Automatic;
				CURRENT_PROJECT_VERSION = 1;
				GENERATE_INFOPLIST_FILE = YES;
				IPHONEOS_DEPLOYMENT_TARGET = 16.2;
				MARKETING_VERSION = 1.0;
				PRODUCT_BUNDLE_IDENTIFIER = "DiegoM1.Ecommerce-TechProductsTests";
				PRODUCT_NAME = "$(TARGET_NAME)";
				SWIFT_EMIT_LOC_STRINGS = NO;
				SWIFT_VERSION = 5.0;
				TARGETED_DEVICE_FAMILY = "1,2";
				TEST_HOST = "$(BUILT_PRODUCTS_DIR)/Ecommerce TechProducts.app/$(BUNDLE_EXECUTABLE_FOLDER_PATH)/Ecommerce TechProducts";
			};
			name = Release;
		};
		22F080E329D21978004A80EB /* Debug */ = {
			isa = XCBuildConfiguration;
			buildSettings = {
				ALWAYS_EMBED_SWIFT_STANDARD_LIBRARIES = YES;
				CODE_SIGN_STYLE = Automatic;
				CURRENT_PROJECT_VERSION = 1;
				GENERATE_INFOPLIST_FILE = YES;
				MARKETING_VERSION = 1.0;
				PRODUCT_BUNDLE_IDENTIFIER = "DiegoM1.Ecommerce-TechProductsUITests";
				PRODUCT_NAME = "$(TARGET_NAME)";
				SWIFT_EMIT_LOC_STRINGS = NO;
				SWIFT_VERSION = 5.0;
				TARGETED_DEVICE_FAMILY = "1,2";
				TEST_TARGET_NAME = "Ecommerce TechProducts";
			};
			name = Debug;
		};
		22F080E429D21978004A80EB /* Release */ = {
			isa = XCBuildConfiguration;
			buildSettings = {
				ALWAYS_EMBED_SWIFT_STANDARD_LIBRARIES = YES;
				CODE_SIGN_STYLE = Automatic;
				CURRENT_PROJECT_VERSION = 1;
				GENERATE_INFOPLIST_FILE = YES;
				MARKETING_VERSION = 1.0;
				PRODUCT_BUNDLE_IDENTIFIER = "DiegoM1.Ecommerce-TechProductsUITests";
				PRODUCT_NAME = "$(TARGET_NAME)";
				SWIFT_EMIT_LOC_STRINGS = NO;
				SWIFT_VERSION = 5.0;
				TARGETED_DEVICE_FAMILY = "1,2";
				TEST_TARGET_NAME = "Ecommerce TechProducts";
			};
			name = Release;
		};
/* End XCBuildConfiguration section */

/* Begin XCConfigurationList section */
		22F080B329D21976004A80EB /* Build configuration list for PBXProject "Ecommerce TechProducts" */ = {
			isa = XCConfigurationList;
			buildConfigurations = (
				22F080DA29D21978004A80EB /* Debug */,
				22F080DB29D21978004A80EB /* Release */,
			);
			defaultConfigurationIsVisible = 0;
			defaultConfigurationName = Release;
		};
		22F080DC29D21978004A80EB /* Build configuration list for PBXNativeTarget "Ecommerce TechProducts" */ = {
			isa = XCConfigurationList;
			buildConfigurations = (
				22F080DD29D21978004A80EB /* Debug */,
				22F080DE29D21978004A80EB /* Release */,
			);
			defaultConfigurationIsVisible = 0;
			defaultConfigurationName = Release;
		};
		22F080DF29D21978004A80EB /* Build configuration list for PBXNativeTarget "Ecommerce TechProductsTests" */ = {
			isa = XCConfigurationList;
			buildConfigurations = (
				22F080E029D21978004A80EB /* Debug */,
				22F080E129D21978004A80EB /* Release */,
			);
			defaultConfigurationIsVisible = 0;
			defaultConfigurationName = Release;
		};
		22F080E229D21978004A80EB /* Build configuration list for PBXNativeTarget "Ecommerce TechProductsUITests" */ = {
			isa = XCConfigurationList;
			buildConfigurations = (
				22F080E329D21978004A80EB /* Debug */,
				22F080E429D21978004A80EB /* Release */,
			);
			defaultConfigurationIsVisible = 0;
			defaultConfigurationName = Release;
		};
/* End XCConfigurationList section */
	};
	rootObject = 22F080B029D21976004A80EB /* Project object */;
}
